// !$*UTF8*$!
{
	archiveVersion = 1;
	classes = {
	};
	objectVersion = 56;
	objects = {

/* Begin PBXBuildFile section */
		9D67B3372AF144D20062E5C4 /* AppDelegate.swift in Sources */ = {isa = PBXBuildFile; fileRef = 9D67B3362AF144D20062E5C4 /* AppDelegate.swift */; };
		9D67B33D2AF144D20062E5C4 /* GameScene.swift in Sources */ = {isa = PBXBuildFile; fileRef = 9D67B33C2AF144D20062E5C4 /* GameScene.swift */; };
		9D67B33F2AF144D20062E5C4 /* GameViewController.swift in Sources */ = {isa = PBXBuildFile; fileRef = 9D67B33E2AF144D20062E5C4 /* GameViewController.swift */; };
		9D67B3422AF144D20062E5C4 /* Main.storyboard in Resources */ = {isa = PBXBuildFile; fileRef = 9D67B3402AF144D20062E5C4 /* Main.storyboard */; };
		9D67B3442AF144D60062E5C4 /* Assets.xcassets in Resources */ = {isa = PBXBuildFile; fileRef = 9D67B3432AF144D60062E5C4 /* Assets.xcassets */; };
		9D67B3472AF144D60062E5C4 /* LaunchScreen.storyboard in Resources */ = {isa = PBXBuildFile; fileRef = 9D67B3452AF144D60062E5C4 /* LaunchScreen.storyboard */; };
		9D67B34E2AF145230062E5C4 /* GameScene.sks in Resources */ = {isa = PBXBuildFile; fileRef = 9D67B34D2AF145220062E5C4 /* GameScene.sks */; };
		9D67B3502AF149990062E5C4 /* BuildingNode.swift in Sources */ = {isa = PBXBuildFile; fileRef = 9D67B34F2AF149990062E5C4 /* BuildingNode.swift */; };
		9D67B3532AF1668F0062E5C4 /* hitBuilding.sks in Resources */ = {isa = PBXBuildFile; fileRef = 9D67B3512AF1668F0062E5C4 /* hitBuilding.sks */; };
		9D67B3542AF1668F0062E5C4 /* hitPlayer.sks in Resources */ = {isa = PBXBuildFile; fileRef = 9D67B3522AF1668F0062E5C4 /* hitPlayer.sks */; };
/* End PBXBuildFile section */

/* Begin PBXFileReference section */
		9D67B3332AF144D20062E5C4 /* Exploding Monkeys.app */ = {isa = PBXFileReference; explicitFileType = wrapper.application; includeInIndex = 0; path = "Exploding Monkeys.app"; sourceTree = BUILT_PRODUCTS_DIR; };
		9D67B3362AF144D20062E5C4 /* AppDelegate.swift */ = {isa = PBXFileReference; lastKnownFileType = sourcecode.swift; path = AppDelegate.swift; sourceTree = "<group>"; };
		9D67B33C2AF144D20062E5C4 /* GameScene.swift */ = {isa = PBXFileReference; lastKnownFileType = sourcecode.swift; path = GameScene.swift; sourceTree = "<group>"; };
		9D67B33E2AF144D20062E5C4 /* GameViewController.swift */ = {isa = PBXFileReference; lastKnownFileType = sourcecode.swift; path = GameViewController.swift; sourceTree = "<group>"; };
		9D67B3412AF144D20062E5C4 /* Base */ = {isa = PBXFileReference; lastKnownFileType = file.storyboard; name = Base; path = Base.lproj/Main.storyboard; sourceTree = "<group>"; };
		9D67B3432AF144D60062E5C4 /* Assets.xcassets */ = {isa = PBXFileReference; lastKnownFileType = folder.assetcatalog; path = Assets.xcassets; sourceTree = "<group>"; };
		9D67B3462AF144D60062E5C4 /* Base */ = {isa = PBXFileReference; lastKnownFileType = file.storyboard; name = Base; path = Base.lproj/LaunchScreen.storyboard; sourceTree = "<group>"; };
		9D67B34D2AF145220062E5C4 /* GameScene.sks */ = {isa = PBXFileReference; lastKnownFileType = file.sks; path = GameScene.sks; sourceTree = "<group>"; };
		9D67B34F2AF149990062E5C4 /* BuildingNode.swift */ = {isa = PBXFileReference; lastKnownFileType = sourcecode.swift; path = BuildingNode.swift; sourceTree = "<group>"; };
		9D67B3512AF1668F0062E5C4 /* hitBuilding.sks */ = {isa = PBXFileReference; lastKnownFileType = file.sks; path = hitBuilding.sks; sourceTree = "<group>"; };
		9D67B3522AF1668F0062E5C4 /* hitPlayer.sks */ = {isa = PBXFileReference; lastKnownFileType = file.sks; path = hitPlayer.sks; sourceTree = "<group>"; };
/* End PBXFileReference section */

/* Begin PBXFrameworksBuildPhase section */
		9D67B3302AF144D20062E5C4 /* Frameworks */ = {
			isa = PBXFrameworksBuildPhase;
			buildActionMask = 2147483647;
			files = (
			);
			runOnlyForDeploymentPostprocessing = 0;
		};
/* End PBXFrameworksBuildPhase section */

/* Begin PBXGroup section */
		9D67B32A2AF144D20062E5C4 = {
			isa = PBXGroup;
			children = (
				9D67B3352AF144D20062E5C4 /* Exploding Monkeys */,
				9D67B3342AF144D20062E5C4 /* Products */,
			);
			sourceTree = "<group>";
		};
		9D67B3342AF144D20062E5C4 /* Products */ = {
			isa = PBXGroup;
			children = (
				9D67B3332AF144D20062E5C4 /* Exploding Monkeys.app */,
			);
			name = Products;
			sourceTree = "<group>";
		};
		9D67B3352AF144D20062E5C4 /* Exploding Monkeys */ = {
			isa = PBXGroup;
			children = (
				9D67B3362AF144D20062E5C4 /* AppDelegate.swift */,
				9D67B33C2AF144D20062E5C4 /* GameScene.swift */,
				9D67B34F2AF149990062E5C4 /* BuildingNode.swift */,
				9D67B33E2AF144D20062E5C4 /* GameViewController.swift */,
				9D67B3402AF144D20062E5C4 /* Main.storyboard */,
				9D67B3452AF144D60062E5C4 /* LaunchScreen.storyboard */,
				9D67B34D2AF145220062E5C4 /* GameScene.sks */,
				9D67B3512AF1668F0062E5C4 /* hitBuilding.sks */,
				9D67B3522AF1668F0062E5C4 /* hitPlayer.sks */,
				9D67B3432AF144D60062E5C4 /* Assets.xcassets */,
			);
			path = "Exploding Monkeys";
			sourceTree = "<group>";
		};
/* End PBXGroup section */

/* Begin PBXNativeTarget section */
		9D67B3322AF144D20062E5C4 /* Exploding Monkeys */ = {
			isa = PBXNativeTarget;
			buildConfigurationList = 9D67B34A2AF144D60062E5C4 /* Build configuration list for PBXNativeTarget "Exploding Monkeys" */;
			buildPhases = (
				9D67B32F2AF144D20062E5C4 /* Sources */,
				9D67B3302AF144D20062E5C4 /* Frameworks */,
				9D67B3312AF144D20062E5C4 /* Resources */,
			);
			buildRules = (
			);
			dependencies = (
			);
			name = "Exploding Monkeys";
			productName = "Exploding Monkeys";
			productReference = 9D67B3332AF144D20062E5C4 /* Exploding Monkeys.app */;
			productType = "com.apple.product-type.application";
		};
/* End PBXNativeTarget section */

/* Begin PBXProject section */
		9D67B32B2AF144D20062E5C4 /* Project object */ = {
			isa = PBXProject;
			attributes = {
				BuildIndependentTargetsInParallel = 1;
				LastSwiftUpdateCheck = 1420;
				LastUpgradeCheck = 1420;
				TargetAttributes = {
					9D67B3322AF144D20062E5C4 = {
						CreatedOnToolsVersion = 14.2;
					};
				};
			};
			buildConfigurationList = 9D67B32E2AF144D20062E5C4 /* Build configuration list for PBXProject "Exploding Monkeys" */;
			compatibilityVersion = "Xcode 14.0";
			developmentRegion = en;
			hasScannedForEncodings = 0;
			knownRegions = (
				en,
				Base,
			);
			mainGroup = 9D67B32A2AF144D20062E5C4;
			productRefGroup = 9D67B3342AF144D20062E5C4 /* Products */;
			projectDirPath = "";
			projectRoot = "";
			targets = (
				9D67B3322AF144D20062E5C4 /* Exploding Monkeys */,
			);
		};
/* End PBXProject section */

/* Begin PBXResourcesBuildPhase section */
		9D67B3312AF144D20062E5C4 /* Resources */ = {
			isa = PBXResourcesBuildPhase;
			buildActionMask = 2147483647;
			files = (
				9D67B34E2AF145230062E5C4 /* GameScene.sks in Resources */,
				9D67B3532AF1668F0062E5C4 /* hitBuilding.sks in Resources */,
				9D67B3542AF1668F0062E5C4 /* hitPlayer.sks in Resources */,
				9D67B3422AF144D20062E5C4 /* Main.storyboard in Resources */,
				9D67B3442AF144D60062E5C4 /* Assets.xcassets in Resources */,
				9D67B3472AF144D60062E5C4 /* LaunchScreen.storyboard in Resources */,
			);
			runOnlyForDeploymentPostprocessing = 0;
		};
/* End PBXResourcesBuildPhase section */

/* Begin PBXSourcesBuildPhase section */
		9D67B32F2AF144D20062E5C4 /* Sources */ = {
			isa = PBXSourcesBuildPhase;
			buildActionMask = 2147483647;
			files = (
				9D67B33D2AF144D20062E5C4 /* GameScene.swift in Sources */,
				9D67B3502AF149990062E5C4 /* BuildingNode.swift in Sources */,
				9D67B33F2AF144D20062E5C4 /* GameViewController.swift in Sources */,
				9D67B3372AF144D20062E5C4 /* AppDelegate.swift in Sources */,
			);
			runOnlyForDeploymentPostprocessing = 0;
		};
/* End PBXSourcesBuildPhase section */

/* Begin PBXVariantGroup section */
		9D67B3402AF144D20062E5C4 /* Main.storyboard */ = {
			isa = PBXVariantGroup;
			children = (
				9D67B3412AF144D20062E5C4 /* Base */,
			);
			name = Main.storyboard;
			sourceTree = "<group>";
		};
		9D67B3452AF144D60062E5C4 /* LaunchScreen.storyboard */ = {
			isa = PBXVariantGroup;
			children = (
				9D67B3462AF144D60062E5C4 /* Base */,
			);
			name = LaunchScreen.storyboard;
			sourceTree = "<group>";
		};
/* End PBXVariantGroup section */

/* Begin XCBuildConfiguration section */
		9D67B3482AF144D60062E5C4 /* Debug */ = {
			isa = XCBuildConfiguration;
			buildSettings = {
				ALWAYS_SEARCH_USER_PATHS = NO;
				CLANG_ANALYZER_NONNULL = YES;
				CLANG_ANALYZER_NUMBER_OBJECT_CONVERSION = YES_AGGRESSIVE;
				CLANG_CXX_LANGUAGE_STANDARD = "gnu++20";
				CLANG_ENABLE_MODULES = YES;
				CLANG_ENABLE_OBJC_ARC = YES;
				CLANG_ENABLE_OBJC_WEAK = YES;
				CLANG_WARN_BLOCK_CAPTURE_AUTORELEASING = YES;
				CLANG_WARN_BOOL_CONVERSION = YES;
				CLANG_WARN_COMMA = YES;
				CLANG_WARN_CONSTANT_CONVERSION = YES;
				CLANG_WARN_DEPRECATED_OBJC_IMPLEMENTATIONS = YES;
				CLANG_WARN_DIRECT_OBJC_ISA_USAGE = YES_ERROR;
				CLANG_WARN_DOCUMENTATION_COMMENTS = YES;
				CLANG_WARN_EMPTY_BODY = YES;
				CLANG_WARN_ENUM_CONVERSION = YES;
				CLANG_WARN_INFINITE_RECURSION = YES;
				CLANG_WARN_INT_CONVERSION = YES;
				CLANG_WARN_NON_LITERAL_NULL_CONVERSION = YES;
				CLANG_WARN_OBJC_IMPLICIT_RETAIN_SELF = YES;
				CLANG_WARN_OBJC_LITERAL_CONVERSION = YES;
				CLANG_WARN_OBJC_ROOT_CLASS = YES_ERROR;
				CLANG_WARN_QUOTED_INCLUDE_IN_FRAMEWORK_HEADER = YES;
				CLANG_WARN_RANGE_LOOP_ANALYSIS = YES;
				CLANG_WARN_STRICT_PROTOTYPES = YES;
				CLANG_WARN_SUSPICIOUS_MOVE = YES;
				CLANG_WARN_UNGUARDED_AVAILABILITY = YES_AGGRESSIVE;
				CLANG_WARN_UNREACHABLE_CODE = YES;
				CLANG_WARN__DUPLICATE_METHOD_MATCH = YES;
				COPY_PHASE_STRIP = NO;
				DEBUG_INFORMATION_FORMAT = dwarf;
				ENABLE_STRICT_OBJC_MSGSEND = YES;
				ENABLE_TESTABILITY = YES;
				GCC_C_LANGUAGE_STANDARD = gnu11;
				GCC_DYNAMIC_NO_PIC = NO;
				GCC_NO_COMMON_BLOCKS = YES;
				GCC_OPTIMIZATION_LEVEL = 0;
				GCC_PREPROCESSOR_DEFINITIONS = (
					"DEBUG=1",
					"$(inherited)",
				);
				GCC_WARN_64_TO_32_BIT_CONVERSION = YES;
				GCC_WARN_ABOUT_RETURN_TYPE = YES_ERROR;
				GCC_WARN_UNDECLARED_SELECTOR = YES;
				GCC_WARN_UNINITIALIZED_AUTOS = YES_AGGRESSIVE;
				GCC_WARN_UNUSED_FUNCTION = YES;
				GCC_WARN_UNUSED_VARIABLE = YES;
				IPHONEOS_DEPLOYMENT_TARGET = 16.2;
				MTL_ENABLE_DEBUG_INFO = INCLUDE_SOURCE;
				MTL_FAST_MATH = YES;
				ONLY_ACTIVE_ARCH = YES;
				SDKROOT = iphoneos;
				SWIFT_ACTIVE_COMPILATION_CONDITIONS = DEBUG;
				SWIFT_OPTIMIZATION_LEVEL = "-Onone";
			};
			name = Debug;
		};
		9D67B3492AF144D60062E5C4 /* Release */ = {
			isa = XCBuildConfiguration;
			buildSettings = {
				ALWAYS_SEARCH_USER_PATHS = NO;
				CLANG_ANALYZER_NONNULL = YES;
				CLANG_ANALYZER_NUMBER_OBJECT_CONVERSION = YES_AGGRESSIVE;
				CLANG_CXX_LANGUAGE_STANDARD = "gnu++20";
				CLANG_ENABLE_MODULES = YES;
				CLANG_ENABLE_OBJC_ARC = YES;
				CLANG_ENABLE_OBJC_WEAK = YES;
				CLANG_WARN_BLOCK_CAPTURE_AUTORELEASING = YES;
				CLANG_WARN_BOOL_CONVERSION = YES;
				CLANG_WARN_COMMA = YES;
				CLANG_WARN_CONSTANT_CONVERSION = YES;
				CLANG_WARN_DEPRECATED_OBJC_IMPLEMENTATIONS = YES;
				CLANG_WARN_DIRECT_OBJC_ISA_USAGE = YES_ERROR;
				CLANG_WARN_DOCUMENTATION_COMMENTS = YES;
				CLANG_WARN_EMPTY_BODY = YES;
				CLANG_WARN_ENUM_CONVERSION = YES;
				CLANG_WARN_INFINITE_RECURSION = YES;
				CLANG_WARN_INT_CONVERSION = YES;
				CLANG_WARN_NON_LITERAL_NULL_CONVERSION = YES;
				CLANG_WARN_OBJC_IMPLICIT_RETAIN_SELF = YES;
				CLANG_WARN_OBJC_LITERAL_CONVERSION = YES;
				CLANG_WARN_OBJC_ROOT_CLASS = YES_ERROR;
				CLANG_WARN_QUOTED_INCLUDE_IN_FRAMEWORK_HEADER = YES;
				CLANG_WARN_RANGE_LOOP_ANALYSIS = YES;
				CLANG_WARN_STRICT_PROTOTYPES = YES;
				CLANG_WARN_SUSPICIOUS_MOVE = YES;
				CLANG_WARN_UNGUARDED_AVAILABILITY = YES_AGGRESSIVE;
				CLANG_WARN_UNREACHABLE_CODE = YES;
				CLANG_WARN__DUPLICATE_METHOD_MATCH = YES;
				COPY_PHASE_STRIP = NO;
				DEBUG_INFORMATION_FORMAT = "dwarf-with-dsym";
				ENABLE_NS_ASSERTIONS = NO;
				ENABLE_STRICT_OBJC_MSGSEND = YES;
				GCC_C_LANGUAGE_STANDARD = gnu11;
				GCC_NO_COMMON_BLOCKS = YES;
				GCC_WARN_64_TO_32_BIT_CONVERSION = YES;
				GCC_WARN_ABOUT_RETURN_TYPE = YES_ERROR;
				GCC_WARN_UNDECLARED_SELECTOR = YES;
				GCC_WARN_UNINITIALIZED_AUTOS = YES_AGGRESSIVE;
				GCC_WARN_UNUSED_FUNCTION = YES;
				GCC_WARN_UNUSED_VARIABLE = YES;
				IPHONEOS_DEPLOYMENT_TARGET = 16.2;
				MTL_ENABLE_DEBUG_INFO = NO;
				MTL_FAST_MATH = YES;
				SDKROOT = iphoneos;
				SWIFT_COMPILATION_MODE = wholemodule;
				SWIFT_OPTIMIZATION_LEVEL = "-O";
				VALIDATE_PRODUCT = YES;
			};
			name = Release;
		};
		9D67B34B2AF144D60062E5C4 /* Debug */ = {
			isa = XCBuildConfiguration;
			buildSettings = {
				ASSETCATALOG_COMPILER_APPICON_NAME = AppIcon;
				ASSETCATALOG_COMPILER_GLOBAL_ACCENT_COLOR_NAME = AccentColor;
				CODE_SIGN_STYLE = Automatic;
				CURRENT_PROJECT_VERSION = 1;
				DEVELOPMENT_TEAM = 2N64875GLV;
				GENERATE_INFOPLIST_FILE = YES;
				INFOPLIST_KEY_UIApplicationSupportsIndirectInputEvents = YES;
				INFOPLIST_KEY_UILaunchStoryboardName = LaunchScreen;
				INFOPLIST_KEY_UIMainStoryboardFile = Main;
				INFOPLIST_KEY_UIStatusBarHidden = YES;
				INFOPLIST_KEY_UISupportedInterfaceOrientations = "UIInterfaceOrientationLandscapeLeft UIInterfaceOrientationLandscapeRight UIInterfaceOrientationPortrait";
				INFOPLIST_KEY_UISupportedInterfaceOrientations_iPad = "UIInterfaceOrientationLandscapeLeft UIInterfaceOrientationLandscapeRight";
				LD_RUNPATH_SEARCH_PATHS = (
					"$(inherited)",
					"@executable_path/Frameworks",
				);
				MARKETING_VERSION = 1.0;
				PRODUCT_BUNDLE_IDENTIFIER = "com.github.syndicate017.Exploding-Monkeys";
				PRODUCT_NAME = "$(TARGET_NAME)";
				SUPPORTED_PLATFORMS = "iphoneos iphonesimulator";
				SUPPORTS_MACCATALYST = NO;
				SUPPORTS_MAC_DESIGNED_FOR_IPHONE_IPAD = NO;
				SWIFT_EMIT_LOC_STRINGS = YES;
				SWIFT_VERSION = 5.0;
				TARGETED_DEVICE_FAMILY = 2;
			};
			name = Debug;
		};
		9D67B34C2AF144D60062E5C4 /* Release */ = {
			isa = XCBuildConfiguration;
			buildSettings = {
				ASSETCATALOG_COMPILER_APPICON_NAME = AppIcon;
				ASSETCATALOG_COMPILER_GLOBAL_ACCENT_COLOR_NAME = AccentColor;
				CODE_SIGN_STYLE = Automatic;
				CURRENT_PROJECT_VERSION = 1;
				DEVELOPMENT_TEAM = 2N64875GLV;
				GENERATE_INFOPLIST_FILE = YES;
				INFOPLIST_KEY_UIApplicationSupportsIndirectInputEvents = YES;
				INFOPLIST_KEY_UILaunchStoryboardName = LaunchScreen;
				INFOPLIST_KEY_UIMainStoryboardFile = Main;
				INFOPLIST_KEY_UIStatusBarHidden = YES;
				INFOPLIST_KEY_UISupportedInterfaceOrientations = "UIInterfaceOrientationLandscapeLeft UIInterfaceOrientationLandscapeRight UIInterfaceOrientationPortrait";
				INFOPLIST_KEY_UISupportedInterfaceOrientations_iPad = "UIInterfaceOrientationLandscapeLeft UIInterfaceOrientationLandscapeRight";
				LD_RUNPATH_SEARCH_PATHS = (
					"$(inherited)",
					"@executable_path/Frameworks",
				);
				MARKETING_VERSION = 1.0;
				PRODUCT_BUNDLE_IDENTIFIER = "com.github.syndicate017.Exploding-Monkeys";
				PRODUCT_NAME = "$(TARGET_NAME)";
				SUPPORTED_PLATFORMS = "iphoneos iphonesimulator";
				SUPPORTS_MACCATALYST = NO;
				SUPPORTS_MAC_DESIGNED_FOR_IPHONE_IPAD = NO;
				SWIFT_EMIT_LOC_STRINGS = YES;
				SWIFT_VERSION = 5.0;
				TARGETED_DEVICE_FAMILY = 2;
			};
			name = Release;
		};
/* End XCBuildConfiguration section */

/* Begin XCConfigurationList section */
		9D67B32E2AF144D20062E5C4 /* Build configuration list for PBXProject "Exploding Monkeys" */ = {
			isa = XCConfigurationList;
			buildConfigurations = (
				9D67B3482AF144D60062E5C4 /* Debug */,
				9D67B3492AF144D60062E5C4 /* Release */,
			);
			defaultConfigurationIsVisible = 0;
			defaultConfigurationName = Release;
		};
		9D67B34A2AF144D60062E5C4 /* Build configuration list for PBXNativeTarget "Exploding Monkeys" */ = {
			isa = XCConfigurationList;
			buildConfigurations = (
				9D67B34B2AF144D60062E5C4 /* Debug */,
				9D67B34C2AF144D60062E5C4 /* Release */,
			);
			defaultConfigurationIsVisible = 0;
			defaultConfigurationName = Release;
		};
/* End XCConfigurationList section */
	};
	rootObject = 9D67B32B2AF144D20062E5C4 /* Project object */;
}
